// !$*UTF8*$!
{
	archiveVersion = 1;
	classes = {
	};
	objectVersion = 60;
	objects = {

/* Begin PBXBuildFile section */
		97218D312C56EDAC00417205 /* SwiftUIRouterExampleApp.swift in Sources */ = {isa = PBXBuildFile; fileRef = 97218D302C56EDAC00417205 /* SwiftUIRouterExampleApp.swift */; };
		97218D332C56EDAC00417205 /* ContentView.swift in Sources */ = {isa = PBXBuildFile; fileRef = 97218D322C56EDAC00417205 /* ContentView.swift */; };
		97218D352C56EDAE00417205 /* Assets.xcassets in Resources */ = {isa = PBXBuildFile; fileRef = 97218D342C56EDAE00417205 /* Assets.xcassets */; };
		97218D392C56EDAE00417205 /* Preview Assets.xcassets in Resources */ = {isa = PBXBuildFile; fileRef = 97218D382C56EDAE00417205 /* Preview Assets.xcassets */; };
		97218D412C583E5100417205 /* Route.swift in Sources */ = {isa = PBXBuildFile; fileRef = 97218D402C583E5100417205 /* Route.swift */; };
		97218D452C58426D00417205 /* SidebarA.swift in Sources */ = {isa = PBXBuildFile; fileRef = 97218D442C58426D00417205 /* SidebarA.swift */; };
		97218D472C58429800417205 /* ViewFactories.swift in Sources */ = {isa = PBXBuildFile; fileRef = 97218D462C58429800417205 /* ViewFactories.swift */; };
		97218D492C5842B500417205 /* Modal.swift in Sources */ = {isa = PBXBuildFile; fileRef = 97218D482C5842B500417205 /* Modal.swift */; };
		97218D4B2C5842CF00417205 /* Sheet.swift in Sources */ = {isa = PBXBuildFile; fileRef = 97218D4A2C5842CF00417205 /* Sheet.swift */; };
		97FB95582C58E44500826EFC /* ContentViewSplitView.swift in Sources */ = {isa = PBXBuildFile; fileRef = 97FB95572C58E44500826EFC /* ContentViewSplitView.swift */; };
		97FB955B2C58F26700826EFC /* DetailA.swift in Sources */ = {isa = PBXBuildFile; fileRef = 97FB955A2C58F26700826EFC /* DetailA.swift */; };
		9DFB16E0039E430FA0E262AE /* SwiftUIRouter in Frameworks */ = {isa = PBXBuildFile; productRef = 9DFB16E0A0E262AE9BFCD44E /* SwiftUIRouter */; };
		9DFB16E04F6D4C58AF1FC7B1 /* SwiftUIMarkdownView in Frameworks */ = {isa = PBXBuildFile; productRef = 9DFB16E0AF1FC7B1AAE83915 /* SwiftUIMarkdownView */; };
/* End PBXBuildFile section */

/* Begin PBXFileReference section */
		97218D2D2C56EDAC00417205 /* SwiftUIRouterExample.app */ = {isa = PBXFileReference; explicitFileType = wrapper.application; includeInIndex = 0; path = SwiftUIRouterExample.app; sourceTree = BUILT_PRODUCTS_DIR; };
		97218D302C56EDAC00417205 /* SwiftUIRouterExampleApp.swift */ = {isa = PBXFileReference; lastKnownFileType = sourcecode.swift; path = SwiftUIRouterExampleApp.swift; sourceTree = "<group>"; };
		97218D322C56EDAC00417205 /* ContentView.swift */ = {isa = PBXFileReference; lastKnownFileType = sourcecode.swift; path = ContentView.swift; sourceTree = "<group>"; };
		97218D342C56EDAE00417205 /* Assets.xcassets */ = {isa = PBXFileReference; lastKnownFileType = folder.assetcatalog; path = Assets.xcassets; sourceTree = "<group>"; };
		97218D362C56EDAE00417205 /* SwiftUIRouterExample.entitlements */ = {isa = PBXFileReference; lastKnownFileType = text.plist.entitlements; path = SwiftUIRouterExample.entitlements; sourceTree = "<group>"; };
		97218D382C56EDAE00417205 /* Preview Assets.xcassets */ = {isa = PBXFileReference; lastKnownFileType = folder.assetcatalog; path = "Preview Assets.xcassets"; sourceTree = "<group>"; };
		97218D3F2C56F15600417205 /* Info.plist */ = {isa = PBXFileReference; lastKnownFileType = text.plist; path = Info.plist; sourceTree = "<group>"; };
		97218D402C583E5100417205 /* Route.swift */ = {isa = PBXFileReference; lastKnownFileType = sourcecode.swift; path = Route.swift; sourceTree = "<group>"; };
		97218D442C58426D00417205 /* SidebarA.swift */ = {isa = PBXFileReference; lastKnownFileType = sourcecode.swift; path = SidebarA.swift; sourceTree = "<group>"; };
		97218D462C58429800417205 /* ViewFactories.swift */ = {isa = PBXFileReference; lastKnownFileType = sourcecode.swift; path = ViewFactories.swift; sourceTree = "<group>"; };
		97218D482C5842B500417205 /* Modal.swift */ = {isa = PBXFileReference; lastKnownFileType = sourcecode.swift; path = Modal.swift; sourceTree = "<group>"; };
		97218D4A2C5842CF00417205 /* Sheet.swift */ = {isa = PBXFileReference; lastKnownFileType = sourcecode.swift; path = Sheet.swift; sourceTree = "<group>"; };
		97FB95572C58E44500826EFC /* ContentViewSplitView.swift */ = {isa = PBXFileReference; fileEncoding = 4; lastKnownFileType = sourcecode.swift; path = ContentViewSplitView.swift; sourceTree = "<group>"; };
		97FB955A2C58F26700826EFC /* DetailA.swift */ = {isa = PBXFileReference; lastKnownFileType = sourcecode.swift; path = DetailA.swift; sourceTree = "<group>"; };
/* End PBXFileReference section */

/* Begin PBXFrameworksBuildPhase section */
		97218D2A2C56EDAC00417205 /* Frameworks */ = {
			isa = PBXFrameworksBuildPhase;
			buildActionMask = 2147483647;
			files = (
				9DFB16E0039E430FA0E262AE /* SwiftUIRouter in Frameworks */,
				9DFB16E04F6D4C58AF1FC7B1 /* SwiftUIMarkdownView in Frameworks */,
			);
			runOnlyForDeploymentPostprocessing = 0;
		};
/* End PBXFrameworksBuildPhase section */

/* Begin PBXGroup section */
		97218D242C56EDAC00417205 = {
			isa = PBXGroup;
			children = (
				97218D2F2C56EDAC00417205 /* SwiftUIRouterExample */,
				97218D2E2C56EDAC00417205 /* Products */,
			);
			sourceTree = "<group>";
		};
		97218D2E2C56EDAC00417205 /* Products */ = {
			isa = PBXGroup;
			children = (
				97218D2D2C56EDAC00417205 /* SwiftUIRouterExample.app */,
			);
			name = Products;
			sourceTree = "<group>";
		};
		97218D2F2C56EDAC00417205 /* SwiftUIRouterExample */ = {
			isa = PBXGroup;
			children = (
				97218D3F2C56F15600417205 /* Info.plist */,
				97218D302C56EDAC00417205 /* SwiftUIRouterExampleApp.swift */,
				97218D322C56EDAC00417205 /* ContentView.swift */,
				97FB95572C58E44500826EFC /* ContentViewSplitView.swift */,
				97218D442C58426D00417205 /* SidebarA.swift */,
				97218D402C583E5100417205 /* Route.swift */,
				97218D462C58429800417205 /* ViewFactories.swift */,
				97FB95592C58F25C00826EFC /* DetailViews */,
				97218D482C5842B500417205 /* Modal.swift */,
				97218D4A2C5842CF00417205 /* Sheet.swift */,
				97218D342C56EDAE00417205 /* Assets.xcassets */,
				97218D362C56EDAE00417205 /* SwiftUIRouterExample.entitlements */,
				97218D372C56EDAE00417205 /* Preview Content */,
			);
			path = SwiftUIRouterExample;
			sourceTree = "<group>";
		};
		97218D372C56EDAE00417205 /* Preview Content */ = {
			isa = PBXGroup;
			children = (
				97218D382C56EDAE00417205 /* Preview Assets.xcassets */,
			);
			path = "Preview Content";
			sourceTree = "<group>";
		};
		97FB95592C58F25C00826EFC /* DetailViews */ = {
			isa = PBXGroup;
			children = (
				97FB955A2C58F26700826EFC /* DetailA.swift */,
			);
			path = DetailViews;
			sourceTree = "<group>";
		};
/* End PBXGroup section */

/* Begin PBXNativeTarget section */
		97218D2C2C56EDAC00417205 /* SwiftUIRouterExample */ = {
			isa = PBXNativeTarget;
			buildConfigurationList = 97218D3C2C56EDAE00417205 /* Build configuration list for PBXNativeTarget "SwiftUIRouterExample" */;
			buildPhases = (
				97218D292C56EDAC00417205 /* Sources */,
				97218D2A2C56EDAC00417205 /* Frameworks */,
				97218D2B2C56EDAC00417205 /* Resources */,
			);
			buildRules = (
			);
			dependencies = (
			);
			name = SwiftUIRouterExample;
			packageProductDependencies = (
				9DFB16E0A0E262AE9BFCD44E /* SwiftUIRouter */,
				9DFB16E0AF1FC7B1AAE83915 /* SwiftUIMarkdownView */,
			);
			productName = SwiftUIRouterExample;
			productReference = 97218D2D2C56EDAC00417205 /* SwiftUIRouterExample.app */;
			productType = "com.apple.product-type.application";
		};
/* End PBXNativeTarget section */

/* Begin PBXProject section */
		97218D252C56EDAC00417205 /* Project object */ = {
			isa = PBXProject;
			attributes = {
				BuildIndependentTargetsInParallel = 1;
				LastSwiftUpdateCheck = 1530;
				LastUpgradeCheck = 1530;
				TargetAttributes = {
					97218D2C2C56EDAC00417205 = {
						CreatedOnToolsVersion = 15.3;
					};
				};
			};
			buildConfigurationList = 97218D282C56EDAC00417205 /* Build configuration list for PBXProject "SwiftUIRouterExample" */;
			compatibilityVersion = "Xcode 14.0";
			developmentRegion = en;
			hasScannedForEncodings = 0;
			knownRegions = (
				en,
				Base,
			);
			mainGroup = 97218D242C56EDAC00417205;
			packageReferences = (
				E6BBD63992F0890B56B4BAE2 /* XCLocalSwiftPackageReference "/Users/axelanconaesselmann/dev/SwiftUIRouter" */,
				4F6D4C58AF1FC7B1AAE83915 /* XCRemoteSwiftPackageReference "SwiftUIMarkdownView" */,
				E44DCFB9EA262E0AF034E930 /* XCLocalSwiftPackageReference "../../" */,
			);
			productRefGroup = 97218D2E2C56EDAC00417205 /* Products */;
			projectDirPath = "";
			projectRoot = "";
			targets = (
				97218D2C2C56EDAC00417205 /* SwiftUIRouterExample */,
			);
		};
/* End PBXProject section */

/* Begin PBXResourcesBuildPhase section */
		97218D2B2C56EDAC00417205 /* Resources */ = {
			isa = PBXResourcesBuildPhase;
			buildActionMask = 2147483647;
			files = (
				97218D392C56EDAE00417205 /* Preview Assets.xcassets in Resources */,
				97218D352C56EDAE00417205 /* Assets.xcassets in Resources */,
			);
			runOnlyForDeploymentPostprocessing = 0;
		};
/* End PBXResourcesBuildPhase section */

/* Begin PBXSourcesBuildPhase section */
		97218D292C56EDAC00417205 /* Sources */ = {
			isa = PBXSourcesBuildPhase;
			buildActionMask = 2147483647;
			files = (
				97218D412C583E5100417205 /* Route.swift in Sources */,
				97218D472C58429800417205 /* ViewFactories.swift in Sources */,
				97FB95582C58E44500826EFC /* ContentViewSplitView.swift in Sources */,
				97218D452C58426D00417205 /* SidebarA.swift in Sources */,
				97218D492C5842B500417205 /* Modal.swift in Sources */,
				97FB955B2C58F26700826EFC /* DetailA.swift in Sources */,
				97218D332C56EDAC00417205 /* ContentView.swift in Sources */,
				97218D312C56EDAC00417205 /* SwiftUIRouterExampleApp.swift in Sources */,
				97218D4B2C5842CF00417205 /* Sheet.swift in Sources */,
			);
			runOnlyForDeploymentPostprocessing = 0;
		};
/* End PBXSourcesBuildPhase section */

/* Begin XCBuildConfiguration section */
		97218D3A2C56EDAE00417205 /* Debug */ = {
			isa = XCBuildConfiguration;
			buildSettings = {
				ALWAYS_SEARCH_USER_PATHS = NO;
				ASSETCATALOG_COMPILER_GENERATE_SWIFT_ASSET_SYMBOL_EXTENSIONS = YES;
				CLANG_ANALYZER_NONNULL = YES;
				CLANG_ANALYZER_NUMBER_OBJECT_CONVERSION = YES_AGGRESSIVE;
				CLANG_CXX_LANGUAGE_STANDARD = "gnu++20";
				CLANG_ENABLE_MODULES = YES;
				CLANG_ENABLE_OBJC_ARC = YES;
				CLANG_ENABLE_OBJC_WEAK = YES;
				CLANG_WARN_BLOCK_CAPTURE_AUTORELEASING = YES;
				CLANG_WARN_BOOL_CONVERSION = YES;
				CLANG_WARN_COMMA = YES;
				CLANG_WARN_CONSTANT_CONVERSION = YES;
				CLANG_WARN_DEPRECATED_OBJC_IMPLEMENTATIONS = YES;
				CLANG_WARN_DIRECT_OBJC_ISA_USAGE = YES_ERROR;
				CLANG_WARN_DOCUMENTATION_COMMENTS = YES;
				CLANG_WARN_EMPTY_BODY = YES;
				CLANG_WARN_ENUM_CONVERSION = YES;
				CLANG_WARN_INFINITE_RECURSION = YES;
				CLANG_WARN_INT_CONVERSION = YES;
				CLANG_WARN_NON_LITERAL_NULL_CONVERSION = YES;
				CLANG_WARN_OBJC_IMPLICIT_RETAIN_SELF = YES;
				CLANG_WARN_OBJC_LITERAL_CONVERSION = YES;
				CLANG_WARN_OBJC_ROOT_CLASS = YES_ERROR;
				CLANG_WARN_QUOTED_INCLUDE_IN_FRAMEWORK_HEADER = YES;
				CLANG_WARN_RANGE_LOOP_ANALYSIS = YES;
				CLANG_WARN_STRICT_PROTOTYPES = YES;
				CLANG_WARN_SUSPICIOUS_MOVE = YES;
				CLANG_WARN_UNGUARDED_AVAILABILITY = YES_AGGRESSIVE;
				CLANG_WARN_UNREACHABLE_CODE = YES;
				CLANG_WARN__DUPLICATE_METHOD_MATCH = YES;
				COPY_PHASE_STRIP = NO;
				DEBUG_INFORMATION_FORMAT = dwarf;
				ENABLE_STRICT_OBJC_MSGSEND = YES;
				ENABLE_TESTABILITY = YES;
				ENABLE_USER_SCRIPT_SANDBOXING = YES;
				GCC_C_LANGUAGE_STANDARD = gnu17;
				GCC_DYNAMIC_NO_PIC = NO;
				GCC_NO_COMMON_BLOCKS = YES;
				GCC_OPTIMIZATION_LEVEL = 0;
				GCC_PREPROCESSOR_DEFINITIONS = (
					"DEBUG=1",
					"$(inherited)",
				);
				GCC_WARN_64_TO_32_BIT_CONVERSION = YES;
				GCC_WARN_ABOUT_RETURN_TYPE = YES_ERROR;
				GCC_WARN_UNDECLARED_SELECTOR = YES;
				GCC_WARN_UNINITIALIZED_AUTOS = YES_AGGRESSIVE;
				GCC_WARN_UNUSED_FUNCTION = YES;
				GCC_WARN_UNUSED_VARIABLE = YES;
				LOCALIZATION_PREFERS_STRING_CATALOGS = YES;
				MTL_ENABLE_DEBUG_INFO = INCLUDE_SOURCE;
				MTL_FAST_MATH = YES;
				ONLY_ACTIVE_ARCH = YES;
				SWIFT_ACTIVE_COMPILATION_CONDITIONS = "DEBUG $(inherited)";
				SWIFT_OPTIMIZATION_LEVEL = "-Onone";
			};
			name = Debug;
		};
		97218D3B2C56EDAE00417205 /* Release */ = {
			isa = XCBuildConfiguration;
			buildSettings = {
				ALWAYS_SEARCH_USER_PATHS = NO;
				ASSETCATALOG_COMPILER_GENERATE_SWIFT_ASSET_SYMBOL_EXTENSIONS = YES;
				CLANG_ANALYZER_NONNULL = YES;
				CLANG_ANALYZER_NUMBER_OBJECT_CONVERSION = YES_AGGRESSIVE;
				CLANG_CXX_LANGUAGE_STANDARD = "gnu++20";
				CLANG_ENABLE_MODULES = YES;
				CLANG_ENABLE_OBJC_ARC = YES;
				CLANG_ENABLE_OBJC_WEAK = YES;
				CLANG_WARN_BLOCK_CAPTURE_AUTORELEASING = YES;
				CLANG_WARN_BOOL_CONVERSION = YES;
				CLANG_WARN_COMMA = YES;
				CLANG_WARN_CONSTANT_CONVERSION = YES;
				CLANG_WARN_DEPRECATED_OBJC_IMPLEMENTATIONS = YES;
				CLANG_WARN_DIRECT_OBJC_ISA_USAGE = YES_ERROR;
				CLANG_WARN_DOCUMENTATION_COMMENTS = YES;
				CLANG_WARN_EMPTY_BODY = YES;
				CLANG_WARN_ENUM_CONVERSION = YES;
				CLANG_WARN_INFINITE_RECURSION = YES;
				CLANG_WARN_INT_CONVERSION = YES;
				CLANG_WARN_NON_LITERAL_NULL_CONVERSION = YES;
				CLANG_WARN_OBJC_IMPLICIT_RETAIN_SELF = YES;
				CLANG_WARN_OBJC_LITERAL_CONVERSION = YES;
				CLANG_WARN_OBJC_ROOT_CLASS = YES_ERROR;
				CLANG_WARN_QUOTED_INCLUDE_IN_FRAMEWORK_HEADER = YES;
				CLANG_WARN_RANGE_LOOP_ANALYSIS = YES;
				CLANG_WARN_STRICT_PROTOTYPES = YES;
				CLANG_WARN_SUSPICIOUS_MOVE = YES;
				CLANG_WARN_UNGUARDED_AVAILABILITY = YES_AGGRESSIVE;
				CLANG_WARN_UNREACHABLE_CODE = YES;
				CLANG_WARN__DUPLICATE_METHOD_MATCH = YES;
				COPY_PHASE_STRIP = NO;
				DEBUG_INFORMATION_FORMAT = "dwarf-with-dsym";
				ENABLE_NS_ASSERTIONS = NO;
				ENABLE_STRICT_OBJC_MSGSEND = YES;
				ENABLE_USER_SCRIPT_SANDBOXING = YES;
				GCC_C_LANGUAGE_STANDARD = gnu17;
				GCC_NO_COMMON_BLOCKS = YES;
				GCC_WARN_64_TO_32_BIT_CONVERSION = YES;
				GCC_WARN_ABOUT_RETURN_TYPE = YES_ERROR;
				GCC_WARN_UNDECLARED_SELECTOR = YES;
				GCC_WARN_UNINITIALIZED_AUTOS = YES_AGGRESSIVE;
				GCC_WARN_UNUSED_FUNCTION = YES;
				GCC_WARN_UNUSED_VARIABLE = YES;
				LOCALIZATION_PREFERS_STRING_CATALOGS = YES;
				MTL_ENABLE_DEBUG_INFO = NO;
				MTL_FAST_MATH = YES;
				SWIFT_COMPILATION_MODE = wholemodule;
			};
			name = Release;
		};
		97218D3D2C56EDAE00417205 /* Debug */ = {
			isa = XCBuildConfiguration;
			buildSettings = {
				ASSETCATALOG_COMPILER_APPICON_NAME = AppIcon;
				ASSETCATALOG_COMPILER_GLOBAL_ACCENT_COLOR_NAME = AccentColor;
				CODE_SIGN_ENTITLEMENTS = SwiftUIRouterExample/SwiftUIRouterExample.entitlements;
				CODE_SIGN_STYLE = Automatic;
				CURRENT_PROJECT_VERSION = 1;
				DEVELOPMENT_ASSET_PATHS = "\"SwiftUIRouterExample/Preview Content\"";
				DEVELOPMENT_TEAM = D7MN23CD5F;
				ENABLE_HARDENED_RUNTIME = YES;
				ENABLE_PREVIEWS = YES;
				GENERATE_INFOPLIST_FILE = YES;
				INFOPLIST_FILE = SwiftUIRouterExample/Info.plist;
				"INFOPLIST_KEY_UIApplicationSceneManifest_Generation[sdk=iphoneos*]" = YES;
				"INFOPLIST_KEY_UIApplicationSceneManifest_Generation[sdk=iphonesimulator*]" = YES;
				"INFOPLIST_KEY_UIApplicationSupportsIndirectInputEvents[sdk=iphoneos*]" = YES;
				"INFOPLIST_KEY_UIApplicationSupportsIndirectInputEvents[sdk=iphonesimulator*]" = YES;
				"INFOPLIST_KEY_UILaunchScreen_Generation[sdk=iphoneos*]" = YES;
				"INFOPLIST_KEY_UILaunchScreen_Generation[sdk=iphonesimulator*]" = YES;
				"INFOPLIST_KEY_UIStatusBarStyle[sdk=iphoneos*]" = UIStatusBarStyleDefault;
				"INFOPLIST_KEY_UIStatusBarStyle[sdk=iphonesimulator*]" = UIStatusBarStyleDefault;
				INFOPLIST_KEY_UISupportedInterfaceOrientations_iPad = "UIInterfaceOrientationPortrait UIInterfaceOrientationPortraitUpsideDown UIInterfaceOrientationLandscapeLeft UIInterfaceOrientationLandscapeRight";
				INFOPLIST_KEY_UISupportedInterfaceOrientations_iPhone = "UIInterfaceOrientationPortrait UIInterfaceOrientationLandscapeLeft UIInterfaceOrientationLandscapeRight";
				IPHONEOS_DEPLOYMENT_TARGET = 17.4;
				LD_RUNPATH_SEARCH_PATHS = "@executable_path/Frameworks";
				"LD_RUNPATH_SEARCH_PATHS[sdk=macosx*]" = "@executable_path/../Frameworks";
				MACOSX_DEPLOYMENT_TARGET = 14.0;
				MARKETING_VERSION = 1.0;
				PRODUCT_BUNDLE_IDENTIFIER = com.anconaesselmann.SwiftUIRouterExample;
				PRODUCT_NAME = "$(TARGET_NAME)";
				SDKROOT = auto;
				SUPPORTED_PLATFORMS = "iphoneos iphonesimulator macosx";
				SWIFT_EMIT_LOC_STRINGS = YES;
				SWIFT_VERSION = 5.0;
				TARGETED_DEVICE_FAMILY = "1,2";
			};
			name = Debug;
		};
		97218D3E2C56EDAE00417205 /* Release */ = {
			isa = XCBuildConfiguration;
			buildSettings = {
				ASSETCATALOG_COMPILER_APPICON_NAME = AppIcon;
				ASSETCATALOG_COMPILER_GLOBAL_ACCENT_COLOR_NAME = AccentColor;
				CODE_SIGN_ENTITLEMENTS = SwiftUIRouterExample/SwiftUIRouterExample.entitlements;
				CODE_SIGN_STYLE = Automatic;
				CURRENT_PROJECT_VERSION = 1;
				DEVELOPMENT_ASSET_PATHS = "\"SwiftUIRouterExample/Preview Content\"";
				DEVELOPMENT_TEAM = D7MN23CD5F;
				ENABLE_HARDENED_RUNTIME = YES;
				ENABLE_PREVIEWS = YES;
				GENERATE_INFOPLIST_FILE = YES;
				INFOPLIST_FILE = SwiftUIRouterExample/Info.plist;
				"INFOPLIST_KEY_UIApplicationSceneManifest_Generation[sdk=iphoneos*]" = YES;
				"INFOPLIST_KEY_UIApplicationSceneManifest_Generation[sdk=iphonesimulator*]" = YES;
				"INFOPLIST_KEY_UIApplicationSupportsIndirectInputEvents[sdk=iphoneos*]" = YES;
				"INFOPLIST_KEY_UIApplicationSupportsIndirectInputEvents[sdk=iphonesimulator*]" = YES;
				"INFOPLIST_KEY_UILaunchScreen_Generation[sdk=iphoneos*]" = YES;
				"INFOPLIST_KEY_UILaunchScreen_Generation[sdk=iphonesimulator*]" = YES;
				"INFOPLIST_KEY_UIStatusBarStyle[sdk=iphoneos*]" = UIStatusBarStyleDefault;
				"INFOPLIST_KEY_UIStatusBarStyle[sdk=iphonesimulator*]" = UIStatusBarStyleDefault;
				INFOPLIST_KEY_UISupportedInterfaceOrientations_iPad = "UIInterfaceOrientationPortrait UIInterfaceOrientationPortraitUpsideDown UIInterfaceOrientationLandscapeLeft UIInterfaceOrientationLandscapeRight";
				INFOPLIST_KEY_UISupportedInterfaceOrientations_iPhone = "UIInterfaceOrientationPortrait UIInterfaceOrientationLandscapeLeft UIInterfaceOrientationLandscapeRight";
				IPHONEOS_DEPLOYMENT_TARGET = 17.4;
				LD_RUNPATH_SEARCH_PATHS = "@executable_path/Frameworks";
				"LD_RUNPATH_SEARCH_PATHS[sdk=macosx*]" = "@executable_path/../Frameworks";
				MACOSX_DEPLOYMENT_TARGET = 14.0;
				MARKETING_VERSION = 1.0;
				PRODUCT_BUNDLE_IDENTIFIER = com.anconaesselmann.SwiftUIRouterExample;
				PRODUCT_NAME = "$(TARGET_NAME)";
				SDKROOT = auto;
				SUPPORTED_PLATFORMS = "iphoneos iphonesimulator macosx";
				SWIFT_EMIT_LOC_STRINGS = YES;
				SWIFT_VERSION = 5.0;
				TARGETED_DEVICE_FAMILY = "1,2";
			};
			name = Release;
		};
/* End XCBuildConfiguration section */

/* Begin XCConfigurationList section */
		97218D282C56EDAC00417205 /* Build configuration list for PBXProject "SwiftUIRouterExample" */ = {
			isa = XCConfigurationList;
			buildConfigurations = (
				97218D3A2C56EDAE00417205 /* Debug */,
				97218D3B2C56EDAE00417205 /* Release */,
			);
			defaultConfigurationIsVisible = 0;
			defaultConfigurationName = Release;
		};
		97218D3C2C56EDAE00417205 /* Build configuration list for PBXNativeTarget "SwiftUIRouterExample" */ = {
			isa = XCConfigurationList;
			buildConfigurations = (
				97218D3D2C56EDAE00417205 /* Debug */,
				97218D3E2C56EDAE00417205 /* Release */,
			);
			defaultConfigurationIsVisible = 0;
			defaultConfigurationName = Release;
		};
/* End XCConfigurationList section */

/* Begin XCLocalSwiftPackageReference section */
		E44DCFB9EA262E0AF034E930 /* XCLocalSwiftPackageReference "../../" */ = {
			isa = XCLocalSwiftPackageReference;
			relativePath = ../../;
		};
		E6BBD63992F0890B56B4BAE2 /* XCLocalSwiftPackageReference "/Users/axelanconaesselmann/dev/SwiftUIRouter" */ = {
			isa = XCLocalSwiftPackageReference;
			relativePath = /Users/axelanconaesselmann/dev/SwiftUIRouter;
		};
/* End XCLocalSwiftPackageReference section */

/* Begin XCRemoteSwiftPackageReference section */
		4F6D4C58AF1FC7B1AAE83915 /* XCRemoteSwiftPackageReference "SwiftUIMarkdownView" */ = {
			isa = XCRemoteSwiftPackageReference;
			repositoryURL = "https://github.com/anconaesselmann/SwiftUIMarkdownView";
			requirement = {
				kind = upToNextMajorVersion;
				minimumVersion = 0.1.3;
			};
		};
/* End XCRemoteSwiftPackageReference section */

/* Begin XCSwiftPackageProductDependency section */
		9DFB16E0A0E262AE9BFCD44E /* SwiftUIRouter */ = {
			isa = XCSwiftPackageProductDependency;
			productName = SwiftUIRouter;
		};
		9DFB16E0AF1FC7B1AAE83915 /* SwiftUIMarkdownView */ = {
			isa = XCSwiftPackageProductDependency;
			package = 4F6D4C58AF1FC7B1AAE83915 /* XCRemoteSwiftPackageReference "SwiftUIMarkdownView" */;
			productName = SwiftUIMarkdownView;
		};
/* End XCSwiftPackageProductDependency section */
	};
	rootObject = 97218D252C56EDAC00417205 /* Project object */;
}
