// !$*UTF8*$!
{
	archiveVersion = 1;
	classes = {
	};
	objectVersion = 60;
	objects = {

/* Begin PBXBuildFile section */
		9777E30B2C5AC2F2004CF75B /* ExampleApp.swift in Sources */ = {isa = PBXBuildFile; fileRef = 9777E30A2C5AC2F2004CF75B /* ExampleApp.swift */; };
		97CE6C762C5D404B00B1243B /* RootRoute.swift in Sources */ = {isa = PBXBuildFile; fileRef = 97CE6C752C5D404B00B1243B /* RootRoute.swift */; };
		97CE6C7F2C5D406800B1243B /* RootViewFactory.swift in Sources */ = {isa = PBXBuildFile; fileRef = 97CE6C7D2C5D406800B1243B /* RootViewFactory.swift */; };
		9DFB16E0039E430FA0E262AE /* SwiftUIRouter in Frameworks */ = {isa = PBXBuildFile; productRef = 9DFB16E0A0E262AE9BFCD44E /* SwiftUIRouter */; };
		9DFB16E02C9348B19FCBE798 /* LoggedIn in Frameworks */ = {isa = PBXBuildFile; productRef = 9DFB16E09FCBE798E19FFFBA /* LoggedIn */; };
		9DFB16E0438D40E38E597FA5 /* LoggedOut in Frameworks */ = {isa = PBXBuildFile; productRef = 9DFB16E08E597FA5923CB1B6 /* LoggedOut */; };
		9DFB16E0ADB94527B847BE73 /* Onboarding in Frameworks */ = {isa = PBXBuildFile; productRef = 9DFB16E0B847BE73EC7FC363 /* Onboarding */; };
		9DFB16E0B75945D1920F91F8 /* Auth in Frameworks */ = {isa = PBXBuildFile; productRef = 9DFB16E0920F91F8849F8325 /* Auth */; };
		9DFB16E0FD8446D398B6E036 /* SharedUI in Frameworks */ = {isa = PBXBuildFile; productRef = 9DFB16E098B6E0360C328FE2 /* SharedUI */; };
/* End PBXBuildFile section */

/* Begin PBXFileReference section */
		9777E3072C5AC2F2004CF75B /* Example_03.app */ = {isa = PBXFileReference; explicitFileType = wrapper.application; includeInIndex = 0; path = Example_03.app; sourceTree = BUILT_PRODUCTS_DIR; };
		9777E30A2C5AC2F2004CF75B /* ExampleApp.swift */ = {isa = PBXFileReference; lastKnownFileType = sourcecode.swift; path = ExampleApp.swift; sourceTree = "<group>"; };
		97CE6C752C5D404B00B1243B /* RootRoute.swift */ = {isa = PBXFileReference; fileEncoding = 4; lastKnownFileType = sourcecode.swift; path = RootRoute.swift; sourceTree = "<group>"; };
		97CE6C7D2C5D406800B1243B /* RootViewFactory.swift */ = {isa = PBXFileReference; fileEncoding = 4; lastKnownFileType = sourcecode.swift; name = RootViewFactory.swift; path = RootViews/RootViewFactory.swift; sourceTree = "<group>"; };
/* End PBXFileReference section */

/* Begin PBXFrameworksBuildPhase section */
		9777E3042C5AC2F2004CF75B /* Frameworks */ = {
			isa = PBXFrameworksBuildPhase;
			buildActionMask = 2147483647;
			files = (
				9DFB16E0B75945D1920F91F8 /* Auth in Frameworks */,
				9DFB16E02C9348B19FCBE798 /* LoggedIn in Frameworks */,
				9DFB16E0438D40E38E597FA5 /* LoggedOut in Frameworks */,
				9DFB16E0ADB94527B847BE73 /* Onboarding in Frameworks */,
				9DFB16E0FD8446D398B6E036 /* SharedUI in Frameworks */,
				9DFB16E0039E430FA0E262AE /* SwiftUIRouter in Frameworks */,
			);
			runOnlyForDeploymentPostprocessing = 0;
		};
/* End PBXFrameworksBuildPhase section */

/* Begin PBXGroup section */
		9777E2FE2C5AC2F2004CF75B = {
			isa = PBXGroup;
			children = (
				9777E30A2C5AC2F2004CF75B /* ExampleApp.swift */,
				97CE6C752C5D404B00B1243B /* RootRoute.swift */,
				97CE6C7D2C5D406800B1243B /* RootViewFactory.swift */,
				9777E3082C5AC2F2004CF75B /* Products */,
			);
			sourceTree = "<group>";
		};
		9777E3082C5AC2F2004CF75B /* Products */ = {
			isa = PBXGroup;
			children = (
				9777E3072C5AC2F2004CF75B /* Example_03.app */,
			);
			name = Products;
			sourceTree = "<group>";
		};
/* End PBXGroup section */

/* Begin PBXNativeTarget section */
		9777E3062C5AC2F2004CF75B /* Example_03 */ = {
			isa = PBXNativeTarget;
			buildConfigurationList = 9777E3162C5AC2F4004CF75B /* Build configuration list for PBXNativeTarget "Example_03" */;
			buildPhases = (
				9777E3032C5AC2F2004CF75B /* Sources */,
				9777E3042C5AC2F2004CF75B /* Frameworks */,
				9777E3052C5AC2F2004CF75B /* Resources */,
			);
			buildRules = (
			);
			dependencies = (
			);
			name = Example_03;
			packageProductDependencies = (
				9DFB16E0920F91F8849F8325 /* Auth */,
				9DFB16E09FCBE798E19FFFBA /* LoggedIn */,
				9DFB16E08E597FA5923CB1B6 /* LoggedOut */,
				9DFB16E0B847BE73EC7FC363 /* Onboarding */,
				9DFB16E098B6E0360C328FE2 /* SharedUI */,
				9DFB16E0A0E262AE9BFCD44E /* SwiftUIRouter */,
			);
			productName = Example_03;
			productReference = 9777E3072C5AC2F2004CF75B /* Example_03.app */;
			productType = "com.apple.product-type.application";
		};
/* End PBXNativeTarget section */

/* Begin PBXProject section */
		9777E2FF2C5AC2F2004CF75B /* Project object */ = {
			isa = PBXProject;
			attributes = {
				BuildIndependentTargetsInParallel = 1;
				LastSwiftUpdateCheck = 1530;
				LastUpgradeCheck = 1530;
				TargetAttributes = {
					9777E3062C5AC2F2004CF75B = {
						CreatedOnToolsVersion = 15.3;
					};
				};
			};
			buildConfigurationList = 9777E3022C5AC2F2004CF75B /* Build configuration list for PBXProject "Example_03" */;
			compatibilityVersion = "Xcode 14.0";
			developmentRegion = en;
			hasScannedForEncodings = 0;
			knownRegions = (
				en,
				Base,
			);
			mainGroup = 9777E2FE2C5AC2F2004CF75B;
			packageReferences = (
				5238F9488F19F0291D54957B /* XCLocalSwiftPackageReference "dependencies/Auth" */,
				5238F9488F19F0291D54957B /* XCLocalSwiftPackageReference "dependencies/Auth" */,
				ABFFF91E897EBCF91B8439C2 /* XCLocalSwiftPackageReference "dependencies/LoggedIn" */,
				6B1BC3295AF795E83E04D834 /* XCLocalSwiftPackageReference "dependencies/LoggedOut" */,
				363CF7CE37EB748B72549BDA /* XCLocalSwiftPackageReference "dependencies/Onboarding" */,
				2EF823C0630E6B893D6448DF /* XCLocalSwiftPackageReference "dependencies/SharedUI" */,
				5238F9488F19F0291D54957B /* XCLocalSwiftPackageReference "dependencies/Auth" */,
				ABFFF91E897EBCF91B8439C2 /* XCLocalSwiftPackageReference "dependencies/LoggedIn" */,
				6B1BC3295AF795E83E04D834 /* XCLocalSwiftPackageReference "dependencies/LoggedOut" */,
				363CF7CE37EB748B72549BDA /* XCLocalSwiftPackageReference "dependencies/Onboarding" */,
				2EF823C0630E6B893D6448DF /* XCLocalSwiftPackageReference "dependencies/SharedUI" */,
				E44DCFB9EA262E0AF034E930 /* XCLocalSwiftPackageReference "../../" */,
			);
			productRefGroup = 9777E3082C5AC2F2004CF75B /* Products */;
			projectDirPath = "";
			projectRoot = "";
			targets = (
				9777E3062C5AC2F2004CF75B /* Example_03 */,
			);
		};
/* End PBXProject section */

/* Begin PBXResourcesBuildPhase section */
		9777E3052C5AC2F2004CF75B /* Resources */ = {
			isa = PBXResourcesBuildPhase;
			buildActionMask = 2147483647;
			files = (
			);
			runOnlyForDeploymentPostprocessing = 0;
		};
/* End PBXResourcesBuildPhase section */

/* Begin PBXSourcesBuildPhase section */
		9777E3032C5AC2F2004CF75B /* Sources */ = {
			isa = PBXSourcesBuildPhase;
			buildActionMask = 2147483647;
			files = (
				9777E30B2C5AC2F2004CF75B /* ExampleApp.swift in Sources */,
				97CE6C762C5D404B00B1243B /* RootRoute.swift in Sources */,
				97CE6C7F2C5D406800B1243B /* RootViewFactory.swift in Sources */,
			);
			runOnlyForDeploymentPostprocessing = 0;
		};
/* End PBXSourcesBuildPhase section */

/* Begin XCBuildConfiguration section */
		9777E3142C5AC2F4004CF75B /* Debug */ = {
			isa = XCBuildConfiguration;
			buildSettings = {
				ALWAYS_SEARCH_USER_PATHS = NO;
				ASSETCATALOG_COMPILER_GENERATE_SWIFT_ASSET_SYMBOL_EXTENSIONS = YES;
				CLANG_ANALYZER_NONNULL = YES;
				CLANG_ANALYZER_NUMBER_OBJECT_CONVERSION = YES_AGGRESSIVE;
				CLANG_CXX_LANGUAGE_STANDARD = "gnu++20";
				CLANG_ENABLE_MODULES = YES;
				CLANG_ENABLE_OBJC_ARC = YES;
				CLANG_ENABLE_OBJC_WEAK = YES;
				CLANG_WARN_BLOCK_CAPTURE_AUTORELEASING = YES;
				CLANG_WARN_BOOL_CONVERSION = YES;
				CLANG_WARN_COMMA = YES;
				CLANG_WARN_CONSTANT_CONVERSION = YES;
				CLANG_WARN_DEPRECATED_OBJC_IMPLEMENTATIONS = YES;
				CLANG_WARN_DIRECT_OBJC_ISA_USAGE = YES_ERROR;
				CLANG_WARN_DOCUMENTATION_COMMENTS = YES;
				CLANG_WARN_EMPTY_BODY = YES;
				CLANG_WARN_ENUM_CONVERSION = YES;
				CLANG_WARN_INFINITE_RECURSION = YES;
				CLANG_WARN_INT_CONVERSION = YES;
				CLANG_WARN_NON_LITERAL_NULL_CONVERSION = YES;
				CLANG_WARN_OBJC_IMPLICIT_RETAIN_SELF = YES;
				CLANG_WARN_OBJC_LITERAL_CONVERSION = YES;
				CLANG_WARN_OBJC_ROOT_CLASS = YES_ERROR;
				CLANG_WARN_QUOTED_INCLUDE_IN_FRAMEWORK_HEADER = YES;
				CLANG_WARN_RANGE_LOOP_ANALYSIS = YES;
				CLANG_WARN_STRICT_PROTOTYPES = YES;
				CLANG_WARN_SUSPICIOUS_MOVE = YES;
				CLANG_WARN_UNGUARDED_AVAILABILITY = YES_AGGRESSIVE;
				CLANG_WARN_UNREACHABLE_CODE = YES;
				CLANG_WARN__DUPLICATE_METHOD_MATCH = YES;
				COPY_PHASE_STRIP = NO;
				DEBUG_INFORMATION_FORMAT = dwarf;
				ENABLE_STRICT_OBJC_MSGSEND = YES;
				ENABLE_TESTABILITY = YES;
				ENABLE_USER_SCRIPT_SANDBOXING = YES;
				GCC_C_LANGUAGE_STANDARD = gnu17;
				GCC_DYNAMIC_NO_PIC = NO;
				GCC_NO_COMMON_BLOCKS = YES;
				GCC_OPTIMIZATION_LEVEL = 0;
				GCC_PREPROCESSOR_DEFINITIONS = (
					"DEBUG=1",
					"$(inherited)",
				);
				GCC_WARN_64_TO_32_BIT_CONVERSION = YES;
				GCC_WARN_ABOUT_RETURN_TYPE = YES_ERROR;
				GCC_WARN_UNDECLARED_SELECTOR = YES;
				GCC_WARN_UNINITIALIZED_AUTOS = YES_AGGRESSIVE;
				GCC_WARN_UNUSED_FUNCTION = YES;
				GCC_WARN_UNUSED_VARIABLE = YES;
				LOCALIZATION_PREFERS_STRING_CATALOGS = YES;
				MTL_ENABLE_DEBUG_INFO = INCLUDE_SOURCE;
				MTL_FAST_MATH = YES;
				ONLY_ACTIVE_ARCH = YES;
				SWIFT_ACTIVE_COMPILATION_CONDITIONS = "DEBUG $(inherited)";
				SWIFT_OPTIMIZATION_LEVEL = "-Onone";
			};
			name = Debug;
		};
		9777E3152C5AC2F4004CF75B /* Release */ = {
			isa = XCBuildConfiguration;
			buildSettings = {
				ALWAYS_SEARCH_USER_PATHS = NO;
				ASSETCATALOG_COMPILER_GENERATE_SWIFT_ASSET_SYMBOL_EXTENSIONS = YES;
				CLANG_ANALYZER_NONNULL = YES;
				CLANG_ANALYZER_NUMBER_OBJECT_CONVERSION = YES_AGGRESSIVE;
				CLANG_CXX_LANGUAGE_STANDARD = "gnu++20";
				CLANG_ENABLE_MODULES = YES;
				CLANG_ENABLE_OBJC_ARC = YES;
				CLANG_ENABLE_OBJC_WEAK = YES;
				CLANG_WARN_BLOCK_CAPTURE_AUTORELEASING = YES;
				CLANG_WARN_BOOL_CONVERSION = YES;
				CLANG_WARN_COMMA = YES;
				CLANG_WARN_CONSTANT_CONVERSION = YES;
				CLANG_WARN_DEPRECATED_OBJC_IMPLEMENTATIONS = YES;
				CLANG_WARN_DIRECT_OBJC_ISA_USAGE = YES_ERROR;
				CLANG_WARN_DOCUMENTATION_COMMENTS = YES;
				CLANG_WARN_EMPTY_BODY = YES;
				CLANG_WARN_ENUM_CONVERSION = YES;
				CLANG_WARN_INFINITE_RECURSION = YES;
				CLANG_WARN_INT_CONVERSION = YES;
				CLANG_WARN_NON_LITERAL_NULL_CONVERSION = YES;
				CLANG_WARN_OBJC_IMPLICIT_RETAIN_SELF = YES;
				CLANG_WARN_OBJC_LITERAL_CONVERSION = YES;
				CLANG_WARN_OBJC_ROOT_CLASS = YES_ERROR;
				CLANG_WARN_QUOTED_INCLUDE_IN_FRAMEWORK_HEADER = YES;
				CLANG_WARN_RANGE_LOOP_ANALYSIS = YES;
				CLANG_WARN_STRICT_PROTOTYPES = YES;
				CLANG_WARN_SUSPICIOUS_MOVE = YES;
				CLANG_WARN_UNGUARDED_AVAILABILITY = YES_AGGRESSIVE;
				CLANG_WARN_UNREACHABLE_CODE = YES;
				CLANG_WARN__DUPLICATE_METHOD_MATCH = YES;
				COPY_PHASE_STRIP = NO;
				DEBUG_INFORMATION_FORMAT = "dwarf-with-dsym";
				ENABLE_NS_ASSERTIONS = NO;
				ENABLE_STRICT_OBJC_MSGSEND = YES;
				ENABLE_USER_SCRIPT_SANDBOXING = YES;
				GCC_C_LANGUAGE_STANDARD = gnu17;
				GCC_NO_COMMON_BLOCKS = YES;
				GCC_WARN_64_TO_32_BIT_CONVERSION = YES;
				GCC_WARN_ABOUT_RETURN_TYPE = YES_ERROR;
				GCC_WARN_UNDECLARED_SELECTOR = YES;
				GCC_WARN_UNINITIALIZED_AUTOS = YES_AGGRESSIVE;
				GCC_WARN_UNUSED_FUNCTION = YES;
				GCC_WARN_UNUSED_VARIABLE = YES;
				LOCALIZATION_PREFERS_STRING_CATALOGS = YES;
				MTL_ENABLE_DEBUG_INFO = NO;
				MTL_FAST_MATH = YES;
				SWIFT_COMPILATION_MODE = wholemodule;
			};
			name = Release;
		};
		9777E3172C5AC2F4004CF75B /* Debug */ = {
			isa = XCBuildConfiguration;
			buildSettings = {
				ASSETCATALOG_COMPILER_APPICON_NAME = AppIcon;
				ASSETCATALOG_COMPILER_GLOBAL_ACCENT_COLOR_NAME = AccentColor;
				CODE_SIGN_STYLE = Automatic;
				CURRENT_PROJECT_VERSION = 1;
				DEVELOPMENT_TEAM = D7MN23CD5F;
				ENABLE_HARDENED_RUNTIME = YES;
				ENABLE_PREVIEWS = YES;
				GENERATE_INFOPLIST_FILE = YES;
				"INFOPLIST_KEY_UIApplicationSceneManifest_Generation[sdk=iphoneos*]" = YES;
				"INFOPLIST_KEY_UIApplicationSceneManifest_Generation[sdk=iphonesimulator*]" = YES;
				"INFOPLIST_KEY_UIApplicationSupportsIndirectInputEvents[sdk=iphoneos*]" = YES;
				"INFOPLIST_KEY_UIApplicationSupportsIndirectInputEvents[sdk=iphonesimulator*]" = YES;
				"INFOPLIST_KEY_UILaunchScreen_Generation[sdk=iphoneos*]" = YES;
				"INFOPLIST_KEY_UILaunchScreen_Generation[sdk=iphonesimulator*]" = YES;
				"INFOPLIST_KEY_UIStatusBarStyle[sdk=iphoneos*]" = UIStatusBarStyleDefault;
				"INFOPLIST_KEY_UIStatusBarStyle[sdk=iphonesimulator*]" = UIStatusBarStyleDefault;
				INFOPLIST_KEY_UISupportedInterfaceOrientations_iPad = "UIInterfaceOrientationPortrait UIInterfaceOrientationPortraitUpsideDown UIInterfaceOrientationLandscapeLeft UIInterfaceOrientationLandscapeRight";
				INFOPLIST_KEY_UISupportedInterfaceOrientations_iPhone = "UIInterfaceOrientationPortrait UIInterfaceOrientationLandscapeLeft UIInterfaceOrientationLandscapeRight";
				IPHONEOS_DEPLOYMENT_TARGET = 17.4;
				LD_RUNPATH_SEARCH_PATHS = "@executable_path/Frameworks";
				"LD_RUNPATH_SEARCH_PATHS[sdk=macosx*]" = "@executable_path/../Frameworks";
				MACOSX_DEPLOYMENT_TARGET = 14.0;
				MARKETING_VERSION = 1.0;
				PRODUCT_BUNDLE_IDENTIFIER = "Example-01";
				PRODUCT_NAME = "$(TARGET_NAME)";
				SDKROOT = auto;
				SUPPORTED_PLATFORMS = "iphoneos iphonesimulator macosx";
				SWIFT_EMIT_LOC_STRINGS = YES;
				SWIFT_VERSION = 5.0;
				TARGETED_DEVICE_FAMILY = "1,2";
			};
			name = Debug;
		};
		9777E3182C5AC2F4004CF75B /* Release */ = {
			isa = XCBuildConfiguration;
			buildSettings = {
				ASSETCATALOG_COMPILER_APPICON_NAME = AppIcon;
				ASSETCATALOG_COMPILER_GLOBAL_ACCENT_COLOR_NAME = AccentColor;
				CODE_SIGN_STYLE = Automatic;
				CURRENT_PROJECT_VERSION = 1;
				DEVELOPMENT_TEAM = D7MN23CD5F;
				ENABLE_HARDENED_RUNTIME = YES;
				ENABLE_PREVIEWS = YES;
				GENERATE_INFOPLIST_FILE = YES;
				"INFOPLIST_KEY_UIApplicationSceneManifest_Generation[sdk=iphoneos*]" = YES;
				"INFOPLIST_KEY_UIApplicationSceneManifest_Generation[sdk=iphonesimulator*]" = YES;
				"INFOPLIST_KEY_UIApplicationSupportsIndirectInputEvents[sdk=iphoneos*]" = YES;
				"INFOPLIST_KEY_UIApplicationSupportsIndirectInputEvents[sdk=iphonesimulator*]" = YES;
				"INFOPLIST_KEY_UILaunchScreen_Generation[sdk=iphoneos*]" = YES;
				"INFOPLIST_KEY_UILaunchScreen_Generation[sdk=iphonesimulator*]" = YES;
				"INFOPLIST_KEY_UIStatusBarStyle[sdk=iphoneos*]" = UIStatusBarStyleDefault;
				"INFOPLIST_KEY_UIStatusBarStyle[sdk=iphonesimulator*]" = UIStatusBarStyleDefault;
				INFOPLIST_KEY_UISupportedInterfaceOrientations_iPad = "UIInterfaceOrientationPortrait UIInterfaceOrientationPortraitUpsideDown UIInterfaceOrientationLandscapeLeft UIInterfaceOrientationLandscapeRight";
				INFOPLIST_KEY_UISupportedInterfaceOrientations_iPhone = "UIInterfaceOrientationPortrait UIInterfaceOrientationLandscapeLeft UIInterfaceOrientationLandscapeRight";
				IPHONEOS_DEPLOYMENT_TARGET = 17.4;
				LD_RUNPATH_SEARCH_PATHS = "@executable_path/Frameworks";
				"LD_RUNPATH_SEARCH_PATHS[sdk=macosx*]" = "@executable_path/../Frameworks";
				MACOSX_DEPLOYMENT_TARGET = 14.0;
				MARKETING_VERSION = 1.0;
				PRODUCT_BUNDLE_IDENTIFIER = "Example-01";
				PRODUCT_NAME = "$(TARGET_NAME)";
				SDKROOT = auto;
				SUPPORTED_PLATFORMS = "iphoneos iphonesimulator macosx";
				SWIFT_EMIT_LOC_STRINGS = YES;
				SWIFT_VERSION = 5.0;
				TARGETED_DEVICE_FAMILY = "1,2";
			};
			name = Release;
		};
/* End XCBuildConfiguration section */

/* Begin XCConfigurationList section */
		9777E3022C5AC2F2004CF75B /* Build configuration list for PBXProject "Example_03" */ = {
			isa = XCConfigurationList;
			buildConfigurations = (
				9777E3142C5AC2F4004CF75B /* Debug */,
				9777E3152C5AC2F4004CF75B /* Release */,
			);
			defaultConfigurationIsVisible = 0;
			defaultConfigurationName = Release;
		};
		9777E3162C5AC2F4004CF75B /* Build configuration list for PBXNativeTarget "Example_03" */ = {
			isa = XCConfigurationList;
			buildConfigurations = (
				9777E3172C5AC2F4004CF75B /* Debug */,
				9777E3182C5AC2F4004CF75B /* Release */,
			);
			defaultConfigurationIsVisible = 0;
			defaultConfigurationName = Release;
		};
/* End XCConfigurationList section */

/* Begin XCLocalSwiftPackageReference section */
		2EF823C0630E6B893D6448DF /* XCLocalSwiftPackageReference "dependencies/SharedUI" */ = {
			isa = XCLocalSwiftPackageReference;
			relativePath = dependencies/SharedUI;
		};
		363CF7CE37EB748B72549BDA /* XCLocalSwiftPackageReference "dependencies/Onboarding" */ = {
			isa = XCLocalSwiftPackageReference;
			relativePath = dependencies/Onboarding;
		};
		5238F9488F19F0291D54957B /* XCLocalSwiftPackageReference "dependencies/Auth" */ = {
			isa = XCLocalSwiftPackageReference;
			relativePath = dependencies/Auth;
		};
		6B1BC3295AF795E83E04D834 /* XCLocalSwiftPackageReference "dependencies/LoggedOut" */ = {
			isa = XCLocalSwiftPackageReference;
			relativePath = dependencies/LoggedOut;
		};
		ABFFF91E897EBCF91B8439C2 /* XCLocalSwiftPackageReference "dependencies/LoggedIn" */ = {
			isa = XCLocalSwiftPackageReference;
			relativePath = dependencies/LoggedIn;
		};
		E44DCFB9EA262E0AF034E930 /* XCLocalSwiftPackageReference "../../" */ = {
			isa = XCLocalSwiftPackageReference;
			relativePath = ../../;
		};
/* End XCLocalSwiftPackageReference section */

/* Begin XCSwiftPackageProductDependency section */
		9DFB16E08E597FA5923CB1B6 /* LoggedOut */ = {
			isa = XCSwiftPackageProductDependency;
			productName = LoggedOut;
		};
		9DFB16E0920F91F8849F8325 /* Auth */ = {
			isa = XCSwiftPackageProductDependency;
			productName = Auth;
		};
		9DFB16E098B6E0360C328FE2 /* SharedUI */ = {
			isa = XCSwiftPackageProductDependency;
			productName = SharedUI;
		};
		9DFB16E09FCBE798E19FFFBA /* LoggedIn */ = {
			isa = XCSwiftPackageProductDependency;
			productName = LoggedIn;
		};
		9DFB16E0A0E262AE9BFCD44E /* SwiftUIRouter */ = {
			isa = XCSwiftPackageProductDependency;
			productName = SwiftUIRouter;
		};
		9DFB16E0B847BE73EC7FC363 /* Onboarding */ = {
			isa = XCSwiftPackageProductDependency;
			productName = Onboarding;
		};
/* End XCSwiftPackageProductDependency section */
	};
	rootObject = 9777E2FF2C5AC2F2004CF75B /* Project object */;
}
